// !$*UTF8*$!
{
	archiveVersion = 1;
	classes = {
	};
	objectVersion = 50;
	objects = {

/* Begin PBXBuildFile section */
		FB1B53122301EFD30034EE96 /* AppDelegate.swift in Sources */ = {isa = PBXBuildFile; fileRef = FB1B53112301EFD30034EE96 /* AppDelegate.swift */; };
		FB1B53142301EFD30034EE96 /* ViewController.swift in Sources */ = {isa = PBXBuildFile; fileRef = FB1B53132301EFD30034EE96 /* ViewController.swift */; };
		FB1B53172301EFD30034EE96 /* Main.storyboard in Resources */ = {isa = PBXBuildFile; fileRef = FB1B53152301EFD30034EE96 /* Main.storyboard */; };
		FB1B531A2301EFD30034EE96 /* AnalogStick.xcdatamodeld in Sources */ = {isa = PBXBuildFile; fileRef = FB1B53182301EFD30034EE96 /* AnalogStick.xcdatamodeld */; };
		FB1B531C2301EFD50034EE96 /* Assets.xcassets in Resources */ = {isa = PBXBuildFile; fileRef = FB1B531B2301EFD50034EE96 /* Assets.xcassets */; };
		FB1B531F2301EFD50034EE96 /* LaunchScreen.storyboard in Resources */ = {isa = PBXBuildFile; fileRef = FB1B531D2301EFD50034EE96 /* LaunchScreen.storyboard */; };
		FB1B532A2301EFD50034EE96 /* AnalogStickTests.swift in Sources */ = {isa = PBXBuildFile; fileRef = FB1B53292301EFD50034EE96 /* AnalogStickTests.swift */; };
		FB1B53352301EFD60034EE96 /* AnalogStickUITests.swift in Sources */ = {isa = PBXBuildFile; fileRef = FB1B53342301EFD60034EE96 /* AnalogStickUITests.swift */; };
/* End PBXBuildFile section */

/* Begin PBXContainerItemProxy section */
		FB1B53262301EFD50034EE96 /* PBXContainerItemProxy */ = {
			isa = PBXContainerItemProxy;
			containerPortal = FB1B53062301EFD30034EE96 /* Project object */;
			proxyType = 1;
			remoteGlobalIDString = FB1B530D2301EFD30034EE96;
			remoteInfo = AnalogStick;
		};
		FB1B53312301EFD60034EE96 /* PBXContainerItemProxy */ = {
			isa = PBXContainerItemProxy;
			containerPortal = FB1B53062301EFD30034EE96 /* Project object */;
			proxyType = 1;
			remoteGlobalIDString = FB1B530D2301EFD30034EE96;
			remoteInfo = AnalogStick;
		};
/* End PBXContainerItemProxy section */

/* Begin PBXFileReference section */
		FB1B530E2301EFD30034EE96 /* AnalogStick.app */ = {isa = PBXFileReference; explicitFileType = wrapper.application; includeInIndex = 0; path = AnalogStick.app; sourceTree = BUILT_PRODUCTS_DIR; };
		FB1B53112301EFD30034EE96 /* AppDelegate.swift */ = {isa = PBXFileReference; lastKnownFileType = sourcecode.swift; path = AppDelegate.swift; sourceTree = "<group>"; };
		FB1B53132301EFD30034EE96 /* ViewController.swift */ = {isa = PBXFileReference; lastKnownFileType = sourcecode.swift; path = ViewController.swift; sourceTree = "<group>"; };
		FB1B53162301EFD30034EE96 /* Base */ = {isa = PBXFileReference; lastKnownFileType = file.storyboard; name = Base; path = Base.lproj/Main.storyboard; sourceTree = "<group>"; };
		FB1B53192301EFD30034EE96 /* AnalogStick.xcdatamodel */ = {isa = PBXFileReference; lastKnownFileType = wrapper.xcdatamodel; path = AnalogStick.xcdatamodel; sourceTree = "<group>"; };
		FB1B531B2301EFD50034EE96 /* Assets.xcassets */ = {isa = PBXFileReference; lastKnownFileType = folder.assetcatalog; path = Assets.xcassets; sourceTree = "<group>"; };
		FB1B531E2301EFD50034EE96 /* Base */ = {isa = PBXFileReference; lastKnownFileType = file.storyboard; name = Base; path = Base.lproj/LaunchScreen.storyboard; sourceTree = "<group>"; };
		FB1B53202301EFD50034EE96 /* Info.plist */ = {isa = PBXFileReference; lastKnownFileType = text.plist.xml; path = Info.plist; sourceTree = "<group>"; };
		FB1B53252301EFD50034EE96 /* AnalogStickTests.xctest */ = {isa = PBXFileReference; explicitFileType = wrapper.cfbundle; includeInIndex = 0; path = AnalogStickTests.xctest; sourceTree = BUILT_PRODUCTS_DIR; };
		FB1B53292301EFD50034EE96 /* AnalogStickTests.swift */ = {isa = PBXFileReference; lastKnownFileType = sourcecode.swift; path = AnalogStickTests.swift; sourceTree = "<group>"; };
		FB1B532B2301EFD50034EE96 /* Info.plist */ = {isa = PBXFileReference; lastKnownFileType = text.plist.xml; path = Info.plist; sourceTree = "<group>"; };
		FB1B53302301EFD60034EE96 /* AnalogStickUITests.xctest */ = {isa = PBXFileReference; explicitFileType = wrapper.cfbundle; includeInIndex = 0; path = AnalogStickUITests.xctest; sourceTree = BUILT_PRODUCTS_DIR; };
		FB1B53342301EFD60034EE96 /* AnalogStickUITests.swift */ = {isa = PBXFileReference; lastKnownFileType = sourcecode.swift; path = AnalogStickUITests.swift; sourceTree = "<group>"; };
		FB1B53362301EFD60034EE96 /* Info.plist */ = {isa = PBXFileReference; lastKnownFileType = text.plist.xml; path = Info.plist; sourceTree = "<group>"; };
/* End PBXFileReference section */

/* Begin PBXFrameworksBuildPhase section */
		FB1B530B2301EFD30034EE96 /* Frameworks */ = {
			isa = PBXFrameworksBuildPhase;
			buildActionMask = 2147483647;
			files = (
			);
			runOnlyForDeploymentPostprocessing = 0;
		};
		FB1B53222301EFD50034EE96 /* Frameworks */ = {
			isa = PBXFrameworksBuildPhase;
			buildActionMask = 2147483647;
			files = (
			);
			runOnlyForDeploymentPostprocessing = 0;
		};
		FB1B532D2301EFD60034EE96 /* Frameworks */ = {
			isa = PBXFrameworksBuildPhase;
			buildActionMask = 2147483647;
			files = (
			);
			runOnlyForDeploymentPostprocessing = 0;
		};
/* End PBXFrameworksBuildPhase section */

/* Begin PBXGroup section */
		FB1B53052301EFD30034EE96 = {
			isa = PBXGroup;
			children = (
				FB1B53102301EFD30034EE96 /* AnalogStick */,
				FB1B53282301EFD50034EE96 /* AnalogStickTests */,
				FB1B53332301EFD60034EE96 /* AnalogStickUITests */,
				FB1B530F2301EFD30034EE96 /* Products */,
			);
			sourceTree = "<group>";
		};
		FB1B530F2301EFD30034EE96 /* Products */ = {
			isa = PBXGroup;
			children = (
				FB1B530E2301EFD30034EE96 /* AnalogStick.app */,
				FB1B53252301EFD50034EE96 /* AnalogStickTests.xctest */,
				FB1B53302301EFD60034EE96 /* AnalogStickUITests.xctest */,
			);
			name = Products;
			sourceTree = "<group>";
		};
		FB1B53102301EFD30034EE96 /* AnalogStick */ = {
			isa = PBXGroup;
			children = (
				FB1B53112301EFD30034EE96 /* AppDelegate.swift */,
				FB1B53132301EFD30034EE96 /* ViewController.swift */,
				FB1B53152301EFD30034EE96 /* Main.storyboard */,
				FB1B531B2301EFD50034EE96 /* Assets.xcassets */,
				FB1B531D2301EFD50034EE96 /* LaunchScreen.storyboard */,
				FB1B53202301EFD50034EE96 /* Info.plist */,
				FB1B53182301EFD30034EE96 /* AnalogStick.xcdatamodeld */,
			);
			path = AnalogStick;
			sourceTree = "<group>";
		};
		FB1B53282301EFD50034EE96 /* AnalogStickTests */ = {
			isa = PBXGroup;
			children = (
				FB1B53292301EFD50034EE96 /* AnalogStickTests.swift */,
				FB1B532B2301EFD50034EE96 /* Info.plist */,
			);
			path = AnalogStickTests;
			sourceTree = "<group>";
		};
		FB1B53332301EFD60034EE96 /* AnalogStickUITests */ = {
			isa = PBXGroup;
			children = (
				FB1B53342301EFD60034EE96 /* AnalogStickUITests.swift */,
				FB1B53362301EFD60034EE96 /* Info.plist */,
			);
			path = AnalogStickUITests;
			sourceTree = "<group>";
		};
/* End PBXGroup section */

/* Begin PBXNativeTarget section */
		FB1B530D2301EFD30034EE96 /* AnalogStick */ = {
			isa = PBXNativeTarget;
			buildConfigurationList = FB1B53392301EFD60034EE96 /* Build configuration list for PBXNativeTarget "AnalogStick" */;
			buildPhases = (
				FB1B530A2301EFD30034EE96 /* Sources */,
				FB1B530B2301EFD30034EE96 /* Frameworks */,
				FB1B530C2301EFD30034EE96 /* Resources */,
			);
			buildRules = (
			);
			dependencies = (
			);
			name = AnalogStick;
			productName = AnalogStick;
			productReference = FB1B530E2301EFD30034EE96 /* AnalogStick.app */;
			productType = "com.apple.product-type.application";
		};
		FB1B53242301EFD50034EE96 /* AnalogStickTests */ = {
			isa = PBXNativeTarget;
			buildConfigurationList = FB1B533C2301EFD60034EE96 /* Build configuration list for PBXNativeTarget "AnalogStickTests" */;
			buildPhases = (
				FB1B53212301EFD50034EE96 /* Sources */,
				FB1B53222301EFD50034EE96 /* Frameworks */,
				FB1B53232301EFD50034EE96 /* Resources */,
			);
			buildRules = (
			);
			dependencies = (
				FB1B53272301EFD50034EE96 /* PBXTargetDependency */,
			);
			name = AnalogStickTests;
			productName = AnalogStickTests;
			productReference = FB1B53252301EFD50034EE96 /* AnalogStickTests.xctest */;
			productType = "com.apple.product-type.bundle.unit-test";
		};
		FB1B532F2301EFD60034EE96 /* AnalogStickUITests */ = {
			isa = PBXNativeTarget;
			buildConfigurationList = FB1B533F2301EFD60034EE96 /* Build configuration list for PBXNativeTarget "AnalogStickUITests" */;
			buildPhases = (
				FB1B532C2301EFD60034EE96 /* Sources */,
				FB1B532D2301EFD60034EE96 /* Frameworks */,
				FB1B532E2301EFD60034EE96 /* Resources */,
			);
			buildRules = (
			);
			dependencies = (
				FB1B53322301EFD60034EE96 /* PBXTargetDependency */,
			);
			name = AnalogStickUITests;
			productName = AnalogStickUITests;
			productReference = FB1B53302301EFD60034EE96 /* AnalogStickUITests.xctest */;
			productType = "com.apple.product-type.bundle.ui-testing";
		};
/* End PBXNativeTarget section */

/* Begin PBXProject section */
		FB1B53062301EFD30034EE96 /* Project object */ = {
			isa = PBXProject;
			attributes = {
				LastSwiftUpdateCheck = 1020;
				LastUpgradeCheck = 1020;
				ORGANIZATIONNAME = "Fellipe Calleia";
				TargetAttributes = {
					FB1B530D2301EFD30034EE96 = {
						CreatedOnToolsVersion = 10.2.1;
					};
					FB1B53242301EFD50034EE96 = {
						CreatedOnToolsVersion = 10.2.1;
						TestTargetID = FB1B530D2301EFD30034EE96;
					};
					FB1B532F2301EFD60034EE96 = {
						CreatedOnToolsVersion = 10.2.1;
						TestTargetID = FB1B530D2301EFD30034EE96;
					};
				};
			};
			buildConfigurationList = FB1B53092301EFD30034EE96 /* Build configuration list for PBXProject "AnalogStick" */;
			compatibilityVersion = "Xcode 9.3";
			developmentRegion = en;
			hasScannedForEncodings = 0;
			knownRegions = (
				en,
				Base,
			);
			mainGroup = FB1B53052301EFD30034EE96;
			productRefGroup = FB1B530F2301EFD30034EE96 /* Products */;
			projectDirPath = "";
			projectRoot = "";
			targets = (
				FB1B530D2301EFD30034EE96 /* AnalogStick */,
				FB1B53242301EFD50034EE96 /* AnalogStickTests */,
				FB1B532F2301EFD60034EE96 /* AnalogStickUITests */,
			);
		};
/* End PBXProject section */

/* Begin PBXResourcesBuildPhase section */
		FB1B530C2301EFD30034EE96 /* Resources */ = {
			isa = PBXResourcesBuildPhase;
			buildActionMask = 2147483647;
			files = (
				FB1B531F2301EFD50034EE96 /* LaunchScreen.storyboard in Resources */,
				FB1B531C2301EFD50034EE96 /* Assets.xcassets in Resources */,
				FB1B53172301EFD30034EE96 /* Main.storyboard in Resources */,
			);
			runOnlyForDeploymentPostprocessing = 0;
		};
		FB1B53232301EFD50034EE96 /* Resources */ = {
			isa = PBXResourcesBuildPhase;
			buildActionMask = 2147483647;
			files = (
			);
			runOnlyForDeploymentPostprocessing = 0;
		};
		FB1B532E2301EFD60034EE96 /* Resources */ = {
			isa = PBXResourcesBuildPhase;
			buildActionMask = 2147483647;
			files = (
			);
			runOnlyForDeploymentPostprocessing = 0;
		};
/* End PBXResourcesBuildPhase section */

/* Begin PBXSourcesBuildPhase section */
		FB1B530A2301EFD30034EE96 /* Sources */ = {
			isa = PBXSourcesBuildPhase;
			buildActionMask = 2147483647;
			files = (
				FB1B531A2301EFD30034EE96 /* AnalogStick.xcdatamodeld in Sources */,
				FB1B53142301EFD30034EE96 /* ViewController.swift in Sources */,
				FB1B53122301EFD30034EE96 /* AppDelegate.swift in Sources */,
			);
			runOnlyForDeploymentPostprocessing = 0;
		};
		FB1B53212301EFD50034EE96 /* Sources */ = {
			isa = PBXSourcesBuildPhase;
			buildActionMask = 2147483647;
			files = (
				FB1B532A2301EFD50034EE96 /* AnalogStickTests.swift in Sources */,
			);
			runOnlyForDeploymentPostprocessing = 0;
		};
		FB1B532C2301EFD60034EE96 /* Sources */ = {
			isa = PBXSourcesBuildPhase;
			buildActionMask = 2147483647;
			files = (
				FB1B53352301EFD60034EE96 /* AnalogStickUITests.swift in Sources */,
			);
			runOnlyForDeploymentPostprocessing = 0;
		};
/* End PBXSourcesBuildPhase section */

/* Begin PBXTargetDependency section */
		FB1B53272301EFD50034EE96 /* PBXTargetDependency */ = {
			isa = PBXTargetDependency;
			target = FB1B530D2301EFD30034EE96 /* AnalogStick */;
			targetProxy = FB1B53262301EFD50034EE96 /* PBXContainerItemProxy */;
		};
		FB1B53322301EFD60034EE96 /* PBXTargetDependency */ = {
			isa = PBXTargetDependency;
			target = FB1B530D2301EFD30034EE96 /* AnalogStick */;
			targetProxy = FB1B53312301EFD60034EE96 /* PBXContainerItemProxy */;
		};
/* End PBXTargetDependency section */

/* Begin PBXVariantGroup section */
		FB1B53152301EFD30034EE96 /* Main.storyboard */ = {
			isa = PBXVariantGroup;
			children = (
				FB1B53162301EFD30034EE96 /* Base */,
			);
			name = Main.storyboard;
			sourceTree = "<group>";
		};
		FB1B531D2301EFD50034EE96 /* LaunchScreen.storyboard */ = {
			isa = PBXVariantGroup;
			children = (
				FB1B531E2301EFD50034EE96 /* Base */,
			);
			name = LaunchScreen.storyboard;
			sourceTree = "<group>";
		};
/* End PBXVariantGroup section */

/* Begin XCBuildConfiguration section */
		FB1B53372301EFD60034EE96 /* Debug */ = {
			isa = XCBuildConfiguration;
			buildSettings = {
				ALWAYS_SEARCH_USER_PATHS = NO;
				CLANG_ANALYZER_NONNULL = YES;
				CLANG_ANALYZER_NUMBER_OBJECT_CONVERSION = YES_AGGRESSIVE;
				CLANG_CXX_LANGUAGE_STANDARD = "gnu++14";
				CLANG_CXX_LIBRARY = "libc++";
				CLANG_ENABLE_MODULES = YES;
				CLANG_ENABLE_OBJC_ARC = YES;
				CLANG_ENABLE_OBJC_WEAK = YES;
				CLANG_WARN_BLOCK_CAPTURE_AUTORELEASING = YES;
				CLANG_WARN_BOOL_CONVERSION = YES;
				CLANG_WARN_COMMA = YES;
				CLANG_WARN_CONSTANT_CONVERSION = YES;
				CLANG_WARN_DEPRECATED_OBJC_IMPLEMENTATIONS = YES;
				CLANG_WARN_DIRECT_OBJC_ISA_USAGE = YES_ERROR;
				CLANG_WARN_DOCUMENTATION_COMMENTS = YES;
				CLANG_WARN_EMPTY_BODY = YES;
				CLANG_WARN_ENUM_CONVERSION = YES;
				CLANG_WARN_INFINITE_RECURSION = YES;
				CLANG_WARN_INT_CONVERSION = YES;
				CLANG_WARN_NON_LITERAL_NULL_CONVERSION = YES;
				CLANG_WARN_OBJC_IMPLICIT_RETAIN_SELF = YES;
				CLANG_WARN_OBJC_LITERAL_CONVERSION = YES;
				CLANG_WARN_OBJC_ROOT_CLASS = YES_ERROR;
				CLANG_WARN_RANGE_LOOP_ANALYSIS = YES;
				CLANG_WARN_STRICT_PROTOTYPES = YES;
				CLANG_WARN_SUSPICIOUS_MOVE = YES;
				CLANG_WARN_UNGUARDED_AVAILABILITY = YES_AGGRESSIVE;
				CLANG_WARN_UNREACHABLE_CODE = YES;
				CLANG_WARN__DUPLICATE_METHOD_MATCH = YES;
				CODE_SIGN_IDENTITY = "iPhone Developer";
				COPY_PHASE_STRIP = NO;
				DEBUG_INFORMATION_FORMAT = dwarf;
				ENABLE_STRICT_OBJC_MSGSEND = YES;
				ENABLE_TESTABILITY = YES;
				GCC_C_LANGUAGE_STANDARD = gnu11;
				GCC_DYNAMIC_NO_PIC = NO;
				GCC_NO_COMMON_BLOCKS = YES;
				GCC_OPTIMIZATION_LEVEL = 0;
				GCC_PREPROCESSOR_DEFINITIONS = (
					"DEBUG=1",
					"$(inherited)",
				);
				GCC_WARN_64_TO_32_BIT_CONVERSION = YES;
				GCC_WARN_ABOUT_RETURN_TYPE = YES_ERROR;
				GCC_WARN_UNDECLARED_SELECTOR = YES;
				GCC_WARN_UNINITIALIZED_AUTOS = YES_AGGRESSIVE;
				GCC_WARN_UNUSED_FUNCTION = YES;
				GCC_WARN_UNUSED_VARIABLE = YES;
				IPHONEOS_DEPLOYMENT_TARGET = 12.2;
				MTL_ENABLE_DEBUG_INFO = INCLUDE_SOURCE;
				MTL_FAST_MATH = YES;
				ONLY_ACTIVE_ARCH = YES;
				SDKROOT = iphoneos;
				SWIFT_ACTIVE_COMPILATION_CONDITIONS = DEBUG;
				SWIFT_OPTIMIZATION_LEVEL = "-Onone";
			};
			name = Debug;
		};
		FB1B53382301EFD60034EE96 /* Release */ = {
			isa = XCBuildConfiguration;
			buildSettings = {
				ALWAYS_SEARCH_USER_PATHS = NO;
				CLANG_ANALYZER_NONNULL = YES;
				CLANG_ANALYZER_NUMBER_OBJECT_CONVERSION = YES_AGGRESSIVE;
				CLANG_CXX_LANGUAGE_STANDARD = "gnu++14";
				CLANG_CXX_LIBRARY = "libc++";
				CLANG_ENABLE_MODULES = YES;
				CLANG_ENABLE_OBJC_ARC = YES;
				CLANG_ENABLE_OBJC_WEAK = YES;
				CLANG_WARN_BLOCK_CAPTURE_AUTORELEASING = YES;
				CLANG_WARN_BOOL_CONVERSION = YES;
				CLANG_WARN_COMMA = YES;
				CLANG_WARN_CONSTANT_CONVERSION = YES;
				CLANG_WARN_DEPRECATED_OBJC_IMPLEMENTATIONS = YES;
				CLANG_WARN_DIRECT_OBJC_ISA_USAGE = YES_ERROR;
				CLANG_WARN_DOCUMENTATION_COMMENTS = YES;
				CLANG_WARN_EMPTY_BODY = YES;
				CLANG_WARN_ENUM_CONVERSION = YES;
				CLANG_WARN_INFINITE_RECURSION = YES;
				CLANG_WARN_INT_CONVERSION = YES;
				CLANG_WARN_NON_LITERAL_NULL_CONVERSION = YES;
				CLANG_WARN_OBJC_IMPLICIT_RETAIN_SELF = YES;
				CLANG_WARN_OBJC_LITERAL_CONVERSION = YES;
				CLANG_WARN_OBJC_ROOT_CLASS = YES_ERROR;
				CLANG_WARN_RANGE_LOOP_ANALYSIS = YES;
				CLANG_WARN_STRICT_PROTOTYPES = YES;
				CLANG_WARN_SUSPICIOUS_MOVE = YES;
				CLANG_WARN_UNGUARDED_AVAILABILITY = YES_AGGRESSIVE;
				CLANG_WARN_UNREACHABLE_CODE = YES;
				CLANG_WARN__DUPLICATE_METHOD_MATCH = YES;
				CODE_SIGN_IDENTITY = "iPhone Developer";
				COPY_PHASE_STRIP = NO;
				DEBUG_INFORMATION_FORMAT = "dwarf-with-dsym";
				ENABLE_NS_ASSERTIONS = NO;
				ENABLE_STRICT_OBJC_MSGSEND = YES;
				GCC_C_LANGUAGE_STANDARD = gnu11;
				GCC_NO_COMMON_BLOCKS = YES;
				GCC_WARN_64_TO_32_BIT_CONVERSION = YES;
				GCC_WARN_ABOUT_RETURN_TYPE = YES_ERROR;
				GCC_WARN_UNDECLARED_SELECTOR = YES;
				GCC_WARN_UNINITIALIZED_AUTOS = YES_AGGRESSIVE;
				GCC_WARN_UNUSED_FUNCTION = YES;
				GCC_WARN_UNUSED_VARIABLE = YES;
				IPHONEOS_DEPLOYMENT_TARGET = 12.2;
				MTL_ENABLE_DEBUG_INFO = NO;
				MTL_FAST_MATH = YES;
				SDKROOT = iphoneos;
				SWIFT_COMPILATION_MODE = wholemodule;
				SWIFT_OPTIMIZATION_LEVEL = "-O";
				VALIDATE_PRODUCT = YES;
			};
			name = Release;
		};
		FB1B533A2301EFD60034EE96 /* Debug */ = {
			isa = XCBuildConfiguration;
			buildSettings = {
				ASSETCATALOG_COMPILER_APPICON_NAME = AppIcon;
				CODE_SIGN_STYLE = Automatic;
				DEVELOPMENT_TEAM = "";
				INFOPLIST_FILE = AnalogStick/Info.plist;
				LD_RUNPATH_SEARCH_PATHS = (
					"$(inherited)",
					"@executable_path/Frameworks",
				);
				PRODUCT_BUNDLE_IDENTIFIER = calleia.com.br.AnalogStick;
				PRODUCT_NAME = "$(TARGET_NAME)";
				SWIFT_VERSION = 5.0;
				TARGETED_DEVICE_FAMILY = "1,2";
			};
			name = Debug;
		};
		FB1B533B2301EFD60034EE96 /* Release */ = {
			isa = XCBuildConfiguration;
			buildSettings = {
				ASSETCATALOG_COMPILER_APPICON_NAME = AppIcon;
				CODE_SIGN_STYLE = Automatic;
				DEVELOPMENT_TEAM = "";
				INFOPLIST_FILE = AnalogStick/Info.plist;
				LD_RUNPATH_SEARCH_PATHS = (
					"$(inherited)",
					"@executable_path/Frameworks",
				);
				PRODUCT_BUNDLE_IDENTIFIER = calleia.com.br.AnalogStick;
				PRODUCT_NAME = "$(TARGET_NAME)";
				SWIFT_VERSION = 5.0;
				TARGETED_DEVICE_FAMILY = "1,2";
			};
			name = Release;
		};
		FB1B533D2301EFD60034EE96 /* Debug */ = {
			isa = XCBuildConfiguration;
			buildSettings = {
				ALWAYS_EMBED_SWIFT_STANDARD_LIBRARIES = YES;
				BUNDLE_LOADER = "$(TEST_HOST)";
				CODE_SIGN_STYLE = Automatic;
				DEVELOPMENT_TEAM = H8TUEXC7WY;
				INFOPLIST_FILE = AnalogStickTests/Info.plist;
				LD_RUNPATH_SEARCH_PATHS = (
					"$(inherited)",
					"@executable_path/Frameworks",
					"@loader_path/Frameworks",
				);
				PRODUCT_BUNDLE_IDENTIFIER = calleia.com.br.AnalogStickTests;
				PRODUCT_NAME = "$(TARGET_NAME)";
				SWIFT_VERSION = 5.0;
				TARGETED_DEVICE_FAMILY = "1,2";
				TEST_HOST = "$(BUILT_PRODUCTS_DIR)/AnalogStick.app/AnalogStick";
			};
			name = Debug;
		};
		FB1B533E2301EFD60034EE96 /* Release */ = {
			isa = XCBuildConfiguration;
			buildSettings = {
				ALWAYS_EMBED_SWIFT_STANDARD_LIBRARIES = YES;
				BUNDLE_LOADER = "$(TEST_HOST)";
				CODE_SIGN_STYLE = Automatic;
				DEVELOPMENT_TEAM = H8TUEXC7WY;
				INFOPLIST_FILE = AnalogStickTests/Info.plist;
				LD_RUNPATH_SEARCH_PATHS = (
					"$(inherited)",
					"@executable_path/Frameworks",
					"@loader_path/Frameworks",
				);
				PRODUCT_BUNDLE_IDENTIFIER = calleia.com.br.AnalogStickTests;
				PRODUCT_NAME = "$(TARGET_NAME)";
				SWIFT_VERSION = 5.0;
				TARGETED_DEVICE_FAMILY = "1,2";
				TEST_HOST = "$(BUILT_PRODUCTS_DIR)/AnalogStick.app/AnalogStick";
			};
			name = Release;
		};
		FB1B53402301EFD60034EE96 /* Debug */ = {
			isa = XCBuildConfiguration;
			buildSettings = {
				ALWAYS_EMBED_SWIFT_STANDARD_LIBRARIES = YES;
				CODE_SIGN_STYLE = Automatic;
				DEVELOPMENT_TEAM = H8TUEXC7WY;
				INFOPLIST_FILE = AnalogStickUITests/Info.plist;
				LD_RUNPATH_SEARCH_PATHS = (
					"$(inherited)",
					"@executable_path/Frameworks",
					"@loader_path/Frameworks",
				);
				PRODUCT_BUNDLE_IDENTIFIER = calleia.com.br.AnalogStickUITests;
				PRODUCT_NAME = "$(TARGET_NAME)";
				SWIFT_VERSION = 5.0;
				TARGETED_DEVICE_FAMILY = "1,2";
				TEST_TARGET_NAME = AnalogStick;
			};
			name = Debug;
		};
		FB1B53412301EFD60034EE96 /* Release */ = {
			isa = XCBuildConfiguration;
			buildSettings = {
				ALWAYS_EMBED_SWIFT_STANDARD_LIBRARIES = YES;
				CODE_SIGN_STYLE = Automatic;
				DEVELOPMENT_TEAM = H8TUEXC7WY;
				INFOPLIST_FILE = AnalogStickUITests/Info.plist;
				LD_RUNPATH_SEARCH_PATHS = (
					"$(inherited)",
					"@executable_path/Frameworks",
					"@loader_path/Frameworks",
				);
				PRODUCT_BUNDLE_IDENTIFIER = calleia.com.br.AnalogStickUITests;
				PRODUCT_NAME = "$(TARGET_NAME)";
				SWIFT_VERSION = 5.0;
				TARGETED_DEVICE_FAMILY = "1,2";
				TEST_TARGET_NAME = AnalogStick;
			};
			name = Release;
		};
/* End XCBuildConfiguration section */

/* Begin XCConfigurationList section */
		FB1B53092301EFD30034EE96 /* Build configuration list for PBXProject "AnalogStick" */ = {
			isa = XCConfigurationList;
			buildConfigurations = (
				FB1B53372301EFD60034EE96 /* Debug */,
				FB1B53382301EFD60034EE96 /* Release */,
			);
			defaultConfigurationIsVisible = 0;
			defaultConfigurationName = Release;
		};
		FB1B53392301EFD60034EE96 /* Build configuration list for PBXNativeTarget "AnalogStick" */ = {
			isa = XCConfigurationList;
			buildConfigurations = (
				FB1B533A2301EFD60034EE96 /* Debug */,
				FB1B533B2301EFD60034EE96 /* Release */,
			);
			defaultConfigurationIsVisible = 0;
			defaultConfigurationName = Release;
		};
		FB1B533C2301EFD60034EE96 /* Build configuration list for PBXNativeTarget "AnalogStickTests" */ = {
			isa = XCConfigurationList;
			buildConfigurations = (
				FB1B533D2301EFD60034EE96 /* Debug */,
				FB1B533E2301EFD60034EE96 /* Release */,
			);
			defaultConfigurationIsVisible = 0;
			defaultConfigurationName = Release;
		};
		FB1B533F2301EFD60034EE96 /* Build configuration list for PBXNativeTarget "AnalogStickUITests" */ = {
			isa = XCConfigurationList;
			buildConfigurations = (
				FB1B53402301EFD60034EE96 /* Debug */,
				FB1B53412301EFD60034EE96 /* Release */,
			);
			defaultConfigurationIsVisible = 0;
			defaultConfigurationName = Release;
		};
/* End XCConfigurationList section */

/* Begin XCVersionGroup section */
		FB1B53182301EFD30034EE96 /* AnalogStick.xcdatamodeld */ = {
			isa = XCVersionGroup;
			children = (
				FB1B53192301EFD30034EE96 /* AnalogStick.xcdatamodel */,
			);
			currentVersion = FB1B53192301EFD30034EE96 /* AnalogStick.xcdatamodel */;
			path = AnalogStick.xcdatamodeld;
			sourceTree = "<group>";
			versionGroupType = wrapper.xcdatamodel;
		};
/* End XCVersionGroup section */
	};
	rootObject = FB1B53062301EFD30034EE96 /* Project object */;
}
